
Microsoft Visual Studio Solution File, Format Version 12.00
# Visual Studio Version 16
VisualStudioVersion = 16.0.30804.86
MinimumVisualStudioVersion = 10.0.40219.1
Project("{FAE04EC0-301F-11D3-BF4B-00C04F79EFBC}") = "ServiceLigueHockey", "ServiceLigueHockey\ServiceLigueHockey.csproj", "{F89980E4-D45A-4449-AB52-547A5057F1AF}"
EndProject
Global
	GlobalSection(SolutionConfigurationPlatforms) = preSolution
		Debug|Any CPU = Debug|Any CPU
		Release|Any CPU = Release|Any CPU
	EndGlobalSection
	GlobalSection(ProjectConfigurationPlatforms) = postSolution
		{F89980E4-D45A-4449-AB52-547A5057F1AF}.Debug|Any CPU.ActiveCfg = Debug|Any CPU
		{F89980E4-D45A-4449-AB52-547A5057F1AF}.Debug|Any CPU.Build.0 = Debug|Any CPU
		{F89980E4-D45A-4449-AB52-547A5057F1AF}.Release|Any CPU.ActiveCfg = Release|Any CPU
		{F89980E4-D45A-4449-AB52-547A5057F1AF}.Release|Any CPU.Build.0 = Release|Any CPU
	EndGlobalSection
	GlobalSection(SolutionProperties) = preSolution
		HideSolutionNode = FALSE
	EndGlobalSection
	GlobalSection(ExtensibilityGlobals) = postSolution
		SolutionGuid = {9A0DBEC7-FAB5-40BA-AC74-22AFF6D17040}
	EndGlobalSection
EndGlobal
